{
    "_meta": {
        "hash": {
            "sha256": "032badfaf993b7b76e397a7fc91a61e7c79065a7f6f9795f7e4e1882206e4d55"
        },
        "pipfile-spec": 6,
        "requires": {
            "python_version": "3.8.6"
        },
        "sources": [
            {
                "name": "pypi",
                "url": "https://pypi.org/simple",
                "verify_ssl": true
            }
        ]
    },
    "default": {
        "appnope": {
            "hashes": [
                "sha256:93aa393e9d6c54c5cd570ccadd8edad61ea0c4b9ea7a01409020c9aa019eb442",
                "sha256:dd83cd4b5b460958838f6eb3000c660b1f9caf2a5b1de4264e941512f603258a"
            ],
            "markers": "sys_platform == 'darwin' and platform_system == 'Darwin'",
            "version": "==0.1.2"
        },
        "backcall": {
            "hashes": [
                "sha256:5cbdbf27be5e7cfadb448baf0aa95508f91f2bbc6c6437cd9cd06e2a4c215e1e",
                "sha256:fbbce6a29f263178a1f7915c1940bde0ec2b2a967566fe1c65c1dfb7422bd255"
            ],
            "version": "==0.2.0"
        },
        "behave": {
            "hashes": [
                "sha256:b9662327aa53294c1351b0a9c369093ccec1d21026f050c3bd9b3e5cccf81a86",
                "sha256:ebda1a6c9e5bfe95c5f9f0a2794e01c7098b3dde86c10a95d8621c5907ff6f1c"
            ],
            "index": "pypi",
            "version": "==1.2.6"
        },
        "decorator": {
            "hashes": [
                "sha256:41fa54c2a0cc4ba648be4fd43cff00aedf5b9465c9bf18d64325bc225f08f760",
                "sha256:e3a62f0520172440ca0dcc823749319382e377f37f140a0b99ef45fecb84bfe7"
            ],
            "version": "==4.4.2"
        },
        "grakn-client": {
            "hashes": [
                "sha256:e93141d2c0ab89d08fd07787a0ef9e77af37f773560d5bebe9683851a5e5a6c3"
            ],
            "index": "pypi",
            "version": "==2.0.0a4"
        },
        "graknprotocol": {
            "hashes": [
                "sha256:c32249e13ef410108e144d8c20296a0a290ea47601391881341dd66fdc88fb7c"
            ],
            "version": "==2.0.0a5"
        },
        "grpcio": {
            "hashes": [
                "sha256:02a4a637a774382d6ac8e65c0a7af4f7f4b9704c980a0a9f4f7bbc1e97c5b733",
                "sha256:08b6a58c8a83e71af5650f8f879fe14b7b84dce0c4969f3817b42c72989dacf0",
                "sha256:0aeed3558a0eec0b31700af6072f1c90e8fd5701427849e76bc469554a14b4f5",
                "sha256:0cebba3907441d5c620f7b491a780ed155140fbd590da0886ecfb1df6ad947b9",
                "sha256:143b4fe72c01000fc0667bf62ace402a6518939b3511b3c2bec04d44b1d7591c",
                "sha256:21265511880056d19ce4f809ce3fbe2a3fa98ec1fc7167dbdf30a80d3276202e",
                "sha256:289671cfe441069f617bf23c41b1fa07053a31ff64de918d1016ac73adda2f73",
                "sha256:2d5124284f9d29e4f06f674a12ebeb23fc16ce0f96f78a80a6036930642ae5ab",
                "sha256:2f2eabfd514af8945ee415083a0f849eea6cb3af444999453bb6666fadc10f54",
                "sha256:3ac453387add933b6cfbc67cc8635f91ff9895299130fc612c3c4b904e91d82a",
                "sha256:407b4d869ce5c6a20af5b96bb885e3ecaf383e3fb008375919eb26cf8f10d9cd",
                "sha256:4bb771c4c2411196b778871b519c7e12e87f3fa72b0517b22f952c64ead07958",
                "sha256:4cef3eb2df338abd9b6164427ede961d351c6bf39b4a01448a65f9e795f56575",
                "sha256:514b4a6790d6597fc95608f49f2f13fe38329b2058538095f0502b734b98ffd2",
                "sha256:52143467237bfa77331ed1979dc3e203a1c12511ee37b3ddd9ff41b05804fb10",
                "sha256:56e2a985efdba8e2282e856470b684e83a3cadd920f04fcd360b4b826ced0dd3",
                "sha256:592656b10528aa327058d2007f7ab175dc9eb3754b289e24cac36e09129a2f6b",
                "sha256:5b21d3de520a699cb631cfd3a773a57debeb36b131be366bf832153405cc5404",
                "sha256:62ce7e86f11e8c4ff772e63c282fb5a7904274258be0034adf37aa679cf96ba0",
                "sha256:65b06fa2db2edd1b779f9b256e270f7a58d60e40121660d8b5fd6e8b88f122ed",
                "sha256:6a1b5b7e47600edcaeaa42983b1c19e7a5892c6b98bcde32ae2aa509a99e0436",
                "sha256:703da25278ee7318acb766be1c6d3b67d392920d002b2d0304e7f3431b74f6c1",
                "sha256:7744468ee48be3265db798f27e66e118c324d7831a34fd39d5775bcd5a70a2c4",
                "sha256:7c1ea6ea6daa82031af6eb5b7d1ab56b1193840389ea7cf46d80e98636f8aff5",
                "sha256:7d292dabf7ded9c062357f8207e20e94095a397d487ffd25aa213a2c3dff0ab4",
                "sha256:7f727b8b6d9f92fcab19dbc62ec956d8352c6767b97b8ab18754b2dfa84d784f",
                "sha256:7fda62846ef8d86caf06bd1ecfddcae2c7e59479a4ee28808120e170064d36cc",
                "sha256:85e56ab125b35b1373205b3802f58119e70ffedfe0d7e2821999126058f7c44f",
                "sha256:88f2a102cbc67e91f42b4323cec13348bf6255b25f80426088079872bd4f3c5c",
                "sha256:89add4f4cda9546f61cb8a6988bc5b22101dd8ca4af610dff6f28105d1f78695",
                "sha256:8cf67b8493bff50fa12b4bc30ab40ce1f1f216eb54145962b525852959b0ab3d",
                "sha256:a8c84db387907e8d800c383e4c92f39996343adedf635ae5206a684f94df8311",
                "sha256:abaf30d18874310d4439a23a0afb6e4b5709c4266966401de7c4ae345cc810ee",
                "sha256:affbb739fde390710190e3540acc9f3e65df25bd192cc0aa554f368288ee0ea2",
                "sha256:b412f43c99ca72769306293ba83811b241d41b62ca8f358e47e0fdaf7b6fbbd7",
                "sha256:b581ddb8df619402c377c81f186ad7f5e2726ad9f8d57047144b352f83f37522",
                "sha256:bf7de9e847d2d14a0efcd48b290ee181fdbffb2ae54dfa2ec2a935a093730bac",
                "sha256:c5030be8a60fb18de1fc8d93d130d57e4296c02f229200df814f6578da00429e",
                "sha256:c89510381cbf8c8317e14e747a8b53988ad226f0ed240824064a9297b65f921d",
                "sha256:d386630af995fd4de225d550b6806507ca09f5a650f227fddb29299335cda55e",
                "sha256:d51ddfb3d481a6a3439db09d4b08447fb9f6b60d862ab301238f37bea8f60a6d",
                "sha256:dd47fac2878f6102efa211461eb6fa0a6dd7b4899cd1ade6cdcb9fa9748363eb",
                "sha256:eff55d318a114742ed2a06972f5daacfe3d5ad0c0c0d9146bcaf10acb427e6be",
                "sha256:f2673c51e8535401c68806d331faba614bcff3ee16373481158a2e74f510b7f6",
                "sha256:fa78bd55ec652d4a88ba254c8dae623c9992e2ce647bd17ba1a37ca2b7b42222",
                "sha256:ffec0b854d2ed6ee98776c7168c778cdd18503642a68d36c00ba0f96d4ccff7c"
            ],
            "version": "==1.33.2"
        },
        "ipykernel": {
            "hashes": [
                "sha256:4ed205700001a83b5832d4821c46a5733f1bf4b1c55744314ae3c756be6b6095",
                "sha256:697103d218e9a8828025af7986e033c89e0b36e2b6eb84a5bda4739b9a27f3cb"
            ],
            "index": "pypi",
            "version": "==5.4.3"
        },
        "ipython": {
            "hashes": [
                "sha256:c987e8178ced651532b3b1ff9965925bfd445c279239697052561a9ab806d28f",
                "sha256:cbb2ef3d5961d44e6a963b9817d4ea4e1fa2eb589c371a470fed14d8d40cbd6a"
            ],
            "markers": "python_version >= '3.7'",
            "version": "==7.19.0"
        },
        "ipython-genutils": {
            "hashes": [
                "sha256:72dd37233799e619666c9f639a9da83c34013a73e8bbc79a7a6348d93c61fab8",
                "sha256:eb2e116e75ecef9d4d228fdc66af54269afa26ab4463042e33785b887c628ba8"
            ],
            "version": "==0.2.0"
        },
        "jedi": {
            "hashes": [
                "sha256:18456d83f65f400ab0c2d3319e48520420ef43b23a086fdc05dff34132f0fb93",
                "sha256:92550a404bad8afed881a137ec9a461fed49eca661414be45059329614ed0707"
            ],
            "markers": "python_version >= '3.6'",
            "version": "==0.18.0"
        },
        "jupyter-client": {
            "hashes": [
                "sha256:5eaaa41df449167ebba5e1cf6ca9b31f7fd4f71625069836e2e4fee07fe3cb13",
                "sha256:649ca3aca1e28f27d73ef15868a7c7f10d6e70f761514582accec3ca6bb13085"
            ],
            "markers": "python_version >= '3.5'",
            "version": "==6.1.11"
        },
        "jupyter-core": {
            "hashes": [
                "sha256:0a451c9b295e4db772bdd8d06f2f1eb31caeec0e81fbb77ba37d4a3024e3b315",
                "sha256:aa1f9496ab3abe72da4efe0daab0cb2233997914581f9a071e07498c6add8ed3"
            ],
            "markers": "python_version >= '3.6'",
            "version": "==4.7.0"
        },
        "parse": {
            "hashes": [
                "sha256:9ff82852bcb65d139813e2a5197627a94966245c897796760a3a2a8eb66f020b"
            ],
            "version": "==1.19.0"
        },
        "parse-type": {
            "hashes": [
                "sha256:089a471b06327103865dfec2dd844230c3c658a4a1b5b4c8b6c16c8f77577f9e",
                "sha256:7f690b18d35048c15438d6d0571f9045cffbec5907e0b1ccf006f889e3a38c0b"
            ],
            "markers": "python_version >= '2.6' and python_version not in '3.0, 3.1, 3.2, 3.3'",
            "version": "==0.5.2"
        },
        "parso": {
            "hashes": [
                "sha256:15b00182f472319383252c18d5913b69269590616c947747bc50bf4ac768f410",
                "sha256:8519430ad07087d4c997fda3a7918f7cfa27cb58972a8c89c2a0295a1c940e9e"
            ],
            "markers": "python_version >= '3.6'",
            "version": "==0.8.1"
        },
        "pexpect": {
            "hashes": [
                "sha256:0b48a55dcb3c05f3329815901ea4fc1537514d6ba867a152b581d69ae3710937",
                "sha256:fc65a43959d153d0114afe13997d439c22823a27cefceb5ff35c2178c6784c0c"
            ],
            "markers": "sys_platform != 'win32'",
            "version": "==4.8.0"
        },
        "pickleshare": {
            "hashes": [
                "sha256:87683d47965c1da65cdacaf31c8441d12b8044cdec9aca500cd78fc2c683afca",
                "sha256:9649af414d74d4df115d5d718f82acb59c9d418196b7b4290ed47a12ce62df56"
            ],
            "version": "==0.7.5"
        },
        "prompt-toolkit": {
            "hashes": [
                "sha256:ac329c69bd8564cb491940511957312c7b8959bb5b3cf3582b406068a51d5bb7",
                "sha256:b8b3d0bde65da350290c46a8f54f336b3cbf5464a4ac11239668d986852e79d5"
            ],
            "markers": "python_full_version >= '3.6.1'",
            "version": "==3.0.10"
        },
        "protobuf": {
            "hashes": [
                "sha256:10394a4d03af7060fa8a6e1cbf38cea44be1467053b0aea5bbfcb4b13c4b88c4",
                "sha256:1489b376b0f364bcc6f89519718c057eb191d7ad6f1b395ffd93d1aa45587811",
                "sha256:1931d8efce896981fe410c802fd66df14f9f429c32a72dd9cfeeac9815ec6444",
                "sha256:196d3a80f93c537f27d2a19a4fafb826fb4c331b0b99110f985119391d170f96",
                "sha256:46e34fdcc2b1f2620172d3a4885128705a4e658b9b62355ae5e98f9ea19f42c2",
                "sha256:4b92e235a3afd42e7493b281c8b80c0c65cbef45de30f43d571d1ee40a1f77ef",
                "sha256:574085a33ca0d2c67433e5f3e9a0965c487410d6cb3406c83bdaf549bfc2992e",
                "sha256:59cd75ded98094d3cf2d79e84cdb38a46e33e7441b2826f3838dcc7c07f82995",
                "sha256:5ee0522eed6680bb5bac5b6d738f7b0923b3cafce8c4b1a039a6107f0841d7ed",
                "sha256:65917cfd5da9dfc993d5684643063318a2e875f798047911a9dd71ca066641c9",
                "sha256:685bc4ec61a50f7360c9fd18e277b65db90105adbf9c79938bd315435e526b90",
                "sha256:92e8418976e52201364a3174e40dc31f5fd8c147186d72380cbda54e0464ee19",
                "sha256:9335f79d1940dfb9bcaf8ec881fb8ab47d7a2c721fb8b02949aab8bbf8b68625",
                "sha256:a7ee3bb6de78185e5411487bef8bc1c59ebd97e47713cba3c460ef44e99b3db9",
                "sha256:ceec283da2323e2431c49de58f80e1718986b79be59c266bb0509cbf90ca5b9e",
                "sha256:e7a5ccf56444211d79e3204b05087c1460c212a2c7d62f948b996660d0165d68",
                "sha256:fcfc907746ec22716f05ea96b7f41597dfe1a1c088f861efb8a0d4f4196a6f10"
            ],
            "version": "==3.6.1"
        },
        "ptyprocess": {
            "hashes": [
                "sha256:4b41f3967fce3af57cc7e94b888626c18bf37a083e3651ca8feeb66d492fef35",
                "sha256:5c5d0a3b48ceee0b48485e0c26037c0acd7d29765ca3fbb5cb3831d347423220"
            ],
            "version": "==0.7.0"
        },
        "pygments": {
            "hashes": [
                "sha256:bc9591213a8f0e0ca1a5e68a479b4887fdc3e75d0774e5c71c31920c427de435",
                "sha256:df49d09b498e83c1a73128295860250b0b7edd4c723a32e9bc0d295c7c2ec337"
            ],
            "markers": "python_version >= '3.5'",
            "version": "==2.7.4"
        },
        "pyhamcrest": {
            "hashes": [
                "sha256:412e00137858f04bde0729913874a48485665f2d36fe9ee449f26be864af9316",
                "sha256:7ead136e03655af85069b6f47b23eb7c3e5c221aa9f022a4fbb499f5b7308f29"
            ],
            "markers": "python_version >= '3.5'",
            "version": "==2.0.2"
        },
        "python-dateutil": {
            "hashes": [
                "sha256:73ebfe9dbf22e832286dafa60473e4cd239f8592f699aa5adaf10050e6e1823c",
                "sha256:75bb3f31ea686f1197762692a9ee6a7550b59fc6ca3a1f4b5d7e32fb98e2da2a"
            ],
            "markers": "python_version >= '2.7' and python_version not in '3.0, 3.1, 3.2, 3.3'",
            "version": "==2.8.1"
        },
        "pyzmq": {
            "hashes": [
                "sha256:01715453ce14d4b804f87969461d21fff47df9bebde3c283c1ad872207717abc",
                "sha256:083dd4c1e9bc058acabab5d95e25180cec224ca9d372b088bf204b0822b278a9",
                "sha256:20c53aff015001cb705db0928850fa74ea4280a935d4e726743e4cb13206b0f2",
                "sha256:2199156013875ff4f872daa86214fe34658e4017b5cd8c4a2c4d6d9b59d1a2eb",
                "sha256:405e754799480d960df7d8249192c4e46288d41d08aaaa45f339269bc09f3c0a",
                "sha256:520a80148c26cfbfb76fd169c089e7a899071dd5cd7553269e4da149382b9b88",
                "sha256:5adc4e3015c647e413bdcf3cac803ffdb8566b938f83e5234ab9c2c14fe3ea3a",
                "sha256:69e5c1061a2e99ac2647db271a41cb5c95ff62dd5090a948b1fbca905c5cba81",
                "sha256:76e1b4dff2be48ed98ec34dd10ad97316e69cb5ff37754f84abc9fb4bbc949bc",
                "sha256:77371c7a39d2f1b71444128b9377be8b0588c3fbf7f56db970c5d4b7af8ed9fd",
                "sha256:7ca684fdb433577c30243357813eef81973d5dbbc3c6c1568e6c21ec1dcedda3",
                "sha256:7ea55c672840ee8fd5884134c0697845d28f5b053713fc682b5d5fc73d747853",
                "sha256:8f17f71430c18666c0f6c81185ef494f59231d01b1f77f67debfe628d50479c6",
                "sha256:9026acf8bf0852c8360c574d04d22d7a213dafaf04ab9c4d43c7430eda272cdd",
                "sha256:923ec92c7b82d63bab4193aee23fd4a2b1636369494d55883fbda10fef1075a3",
                "sha256:930e33d92e7d991a1c194790c7fc7f3099f7ec1447e853b4218cba914bee3b7b",
                "sha256:a2b9e25ea0f81e920de3bff65a5bd9056acd81f8cb439546d00d77f386cba251",
                "sha256:a82f6f41523db5408925b82bb150ecbc625c2eeccf31d38fa1a0e395e11dd5e2",
                "sha256:b1fb293a5562a4870f20bb859a50bd59c14fdb1fc13353e25267facaf68f6eb0",
                "sha256:b2a5d5fd2857e5006a5fd9067f5aa7aff0cd4f994180681b13a6bd724a5ce289",
                "sha256:c12fba29f0b956390aed37d463fbea215d7592c08241fb20a2c165ef64c95019",
                "sha256:c3a630dd7716e8e127d43b22598e256a2d11a847b8cc3310350528960037fa06",
                "sha256:de00a0fe9735efa06b96af56c8e7baa67c0972ec510e18c98efbb593c73cd886",
                "sha256:e51ea97103791597e4deca13992c3544224c7eed89dc575d9a85972b16f01b59",
                "sha256:e98d9b9efb22ece82b06046ba0c00cce157cbfd852cbd9a385b338f295cf38e6",
                "sha256:f1e357e234b435441b9366f6958623abe74fbbb1bd8e3bc679f09b5126785785",
                "sha256:f321b1e2ea990e9e760c1894234ee426e150995691c05b840a0d9743f5f202e1",
                "sha256:fe0186c70fd3205b31daaa024409b8887af9b0344f47bc4d5ed03f08f64b9552"
            ],
            "markers": "python_version >= '3.6'",
            "version": "==21.0.1"
        },
        "six": {
            "hashes": [
                "sha256:30639c035cdb23534cd4aa2dd52c3bf48f06e5f4a941509c8bafd8ce11080259",
                "sha256:8b74bedcbbbaca38ff6d7491d76f2b06b3592611af620f8426e82dddb04a5ced"
            ],
            "markers": "python_version >= '2.7' and python_version not in '3.0, 3.1, 3.2, 3.3'",
            "version": "==1.15.0"
        },
        "tornado": {
            "hashes": [
                "sha256:0a00ff4561e2929a2c37ce706cb8233b7907e0cdc22eab98888aca5dd3775feb",
                "sha256:0d321a39c36e5f2c4ff12b4ed58d41390460f798422c4504e09eb5678e09998c",
                "sha256:1e8225a1070cd8eec59a996c43229fe8f95689cb16e552d130b9793cb570a288",
                "sha256:20241b3cb4f425e971cb0a8e4ffc9b0a861530ae3c52f2b0434e6c1b57e9fd95",
                "sha256:25ad220258349a12ae87ede08a7b04aca51237721f63b1808d39bdb4b2164558",
                "sha256:33892118b165401f291070100d6d09359ca74addda679b60390b09f8ef325ffe",
                "sha256:33c6e81d7bd55b468d2e793517c909b139960b6c790a60b7991b9b6b76fb9791",
                "sha256:3447475585bae2e77ecb832fc0300c3695516a47d46cefa0528181a34c5b9d3d",
                "sha256:34ca2dac9e4d7afb0bed4677512e36a52f09caa6fded70b4e3e1c89dbd92c326",
                "sha256:3e63498f680547ed24d2c71e6497f24bca791aca2fe116dbc2bd0ac7f191691b",
                "sha256:548430be2740e327b3fe0201abe471f314741efcb0067ec4f2d7dcfb4825f3e4",
                "sha256:6196a5c39286cc37c024cd78834fb9345e464525d8991c21e908cc046d1cc02c",
                "sha256:61b32d06ae8a036a6607805e6720ef00a3c98207038444ba7fd3d169cd998910",
                "sha256:6286efab1ed6e74b7028327365cf7346b1d777d63ab30e21a0f4d5b275fc17d5",
                "sha256:65d98939f1a2e74b58839f8c4dab3b6b3c1ce84972ae712be02845e65391ac7c",
                "sha256:66324e4e1beede9ac79e60f88de548da58b1f8ab4b2f1354d8375774f997e6c0",
                "sha256:6c77c9937962577a6a76917845d06af6ab9197702a42e1346d8ae2e76b5e3675",
                "sha256:70dec29e8ac485dbf57481baee40781c63e381bebea080991893cd297742b8fd",
                "sha256:7250a3fa399f08ec9cb3f7b1b987955d17e044f1ade821b32e5f435130250d7f",
                "sha256:748290bf9112b581c525e6e6d3820621ff020ed95af6f17fedef416b27ed564c",
                "sha256:7da13da6f985aab7f6f28debab00c67ff9cbacd588e8477034c0652ac141feea",
                "sha256:8f959b26f2634a091bb42241c3ed8d3cedb506e7c27b8dd5c7b9f745318ddbb6",
                "sha256:9de9e5188a782be6b1ce866e8a51bc76a0fbaa0e16613823fc38e4fc2556ad05",
                "sha256:a48900ecea1cbb71b8c71c620dee15b62f85f7c14189bdeee54966fbd9a0c5bd",
                "sha256:b87936fd2c317b6ee08a5741ea06b9d11a6074ef4cc42e031bc6403f82a32575",
                "sha256:c77da1263aa361938476f04c4b6c8916001b90b2c2fdd92d8d535e1af48fba5a",
                "sha256:cb5ec8eead331e3bb4ce8066cf06d2dfef1bfb1b2a73082dfe8a161301b76e37",
                "sha256:cc0ee35043162abbf717b7df924597ade8e5395e7b66d18270116f8745ceb795",
                "sha256:d14d30e7f46a0476efb0deb5b61343b1526f73ebb5ed84f23dc794bdb88f9d9f",
                "sha256:d371e811d6b156d82aa5f9a4e08b58debf97c302a35714f6f45e35139c332e32",
                "sha256:d3d20ea5782ba63ed13bc2b8c291a053c8d807a8fa927d941bd718468f7b950c",
                "sha256:d3f7594930c423fd9f5d1a76bee85a2c36fd8b4b16921cae7e965f22575e9c01",
                "sha256:dcef026f608f678c118779cd6591c8af6e9b4155c44e0d1bc0c87c036fb8c8c4",
                "sha256:e0791ac58d91ac58f694d8d2957884df8e4e2f6687cdf367ef7eb7497f79eaa2",
                "sha256:e385b637ac3acaae8022e7e47dfa7b83d3620e432e3ecb9a3f7f58f150e50921",
                "sha256:e519d64089b0876c7b467274468709dadf11e41d65f63bba207e04217f47c085",
                "sha256:e7229e60ac41a1202444497ddde70a48d33909e484f96eb0da9baf8dc68541df",
                "sha256:ed3ad863b1b40cd1d4bd21e7498329ccaece75db5a5bf58cd3c9f130843e7102",
                "sha256:f0ba29bafd8e7e22920567ce0d232c26d4d47c8b5cf4ed7b562b5db39fa199c5",
                "sha256:fa2ba70284fa42c2a5ecb35e322e68823288a4251f9ba9cc77be04ae15eada68",
                "sha256:fba85b6cd9c39be262fcd23865652920832b61583de2a2ca907dbd8e8a8c81e5"
            ],
            "markers": "python_version >= '3.5'",
            "version": "==6.1"
        },
        "traitlets": {
            "hashes": [
                "sha256:178f4ce988f69189f7e523337a3e11d91c786ded9360174a3d9ca83e79bc5396",
                "sha256:69ff3f9d5351f31a7ad80443c2674b7099df13cc41fc5fa6e2f6d3b0330b0426"
            ],
            "markers": "python_version >= '3.7'",
            "version": "==5.0.5"
        },
        "wcwidth": {
            "hashes": [
                "sha256:beb4802a9cebb9144e99086eff703a642a13d6a0052920003a230f3294bbe784",
                "sha256:c4d647b99872929fdb7bdcaa4fbe7f01413ed3d98077df798530e5b04f116c83"
            ],
            "version": "==0.2.5"
        }
    },
    "develop": {}
}
